
Microsoft Visual Studio Solution File, Format Version 12.00
# Visual Studio Version 17
VisualStudioVersion = 17.12.35527.113 d17.12
MinimumVisualStudioVersion = 10.0.40219.1
Project("{FAE04EC0-301F-11D3-BF4B-00C04F79EFBC}") = "E-Commerce.Web", "E-Commerce.Web\E-Commerce.Web.csproj", "{F19CABFB-F5C6-4A74-BFEE-8F75843991FA}"
EndProject
Project("{2150E333-8FDC-42A3-9474-1A3956D46DE8}") = "Core", "Core", "{D3A912F8-A3C9-4E51-BE5B-B4AAB36B0966}"
EndProject
Project("{FAE04EC0-301F-11D3-BF4B-00C04F79EFBC}") = "Domain", "Core\Domain\Domain.csproj", "{EDACF3B2-EECD-4ADF-9FD6-7C72696D5E29}"
EndProject
Project("{FAE04EC0-301F-11D3-BF4B-00C04F79EFBC}") = "Services", "Core\Services\Services.csproj", "{A68CC4F3-7DAC-4A97-B072-E246A76A4D94}"
EndProject
Project("{FAE04EC0-301F-11D3-BF4B-00C04F79EFBC}") = "Abstraction", "Core\Abstraction\Abstraction.csproj", "{BD2B9DDD-028D-4B00-8370-AD116D6B2C9B}"
EndProject
Project("{2150E333-8FDC-42A3-9474-1A3956D46DE8}") = "Infrustructure", "Infrustructure", "{503EAFFA-D2A2-4AC1-A521-3F2901257A5A}"
EndProject
Project("{FAE04EC0-301F-11D3-BF4B-00C04F79EFBC}") = "Persistence", "Infrustructure\Persistence\Persistence.csproj", "{F486E712-8A65-4B0F-BBAD-A536C90EF67C}"
EndProject
Project("{FAE04EC0-301F-11D3-BF4B-00C04F79EFBC}") = "Presentation", "Infrustructure\Presentation\Presentation.csproj", "{52483BB2-C337-456C-A0D5-781226D8011E}"
EndProject
Project("{FAE04EC0-301F-11D3-BF4B-00C04F79EFBC}") = "Shared", "Shared\Shared.csproj", "{5400C9FD-701F-4F3C-8A45-B6CB5A9E3026}"
EndProject
Global
	GlobalSection(SolutionConfigurationPlatforms) = preSolution
		Debug|Any CPU = Debug|Any CPU
		Release|Any CPU = Release|Any CPU
	EndGlobalSection
	GlobalSection(ProjectConfigurationPlatforms) = postSolution
		{F19CABFB-F5C6-4A74-BFEE-8F75843991FA}.Debug|Any CPU.ActiveCfg = Debug|Any CPU
		{F19CABFB-F5C6-4A74-BFEE-8F75843991FA}.Debug|Any CPU.Build.0 = Debug|Any CPU
		{F19CABFB-F5C6-4A74-BFEE-8F75843991FA}.Release|Any CPU.ActiveCfg = Release|Any CPU
		{F19CABFB-F5C6-4A74-BFEE-8F75843991FA}.Release|Any CPU.Build.0 = Release|Any CPU
		{EDACF3B2-EECD-4ADF-9FD6-7C72696D5E29}.Debug|Any CPU.ActiveCfg = Debug|Any CPU
		{EDACF3B2-EECD-4ADF-9FD6-7C72696D5E29}.Debug|Any CPU.Build.0 = Debug|Any CPU
		{EDACF3B2-EECD-4ADF-9FD6-7C72696D5E29}.Release|Any CPU.ActiveCfg = Release|Any CPU
		{EDACF3B2-EECD-4ADF-9FD6-7C72696D5E29}.Release|Any CPU.Build.0 = Release|Any CPU
		{A68CC4F3-7DAC-4A97-B072-E246A76A4D94}.Debug|Any CPU.ActiveCfg = Debug|Any CPU
		{A68CC4F3-7DAC-4A97-B072-E246A76A4D94}.Debug|Any CPU.Build.0 = Debug|Any CPU
		{A68CC4F3-7DAC-4A97-B072-E246A76A4D94}.Release|Any CPU.ActiveCfg = Release|Any CPU
		{A68CC4F3-7DAC-4A97-B072-E246A76A4D94}.Release|Any CPU.Build.0 = Release|Any CPU
		{BD2B9DDD-028D-4B00-8370-AD116D6B2C9B}.Debug|Any CPU.ActiveCfg = Debug|Any CPU
		{BD2B9DDD-028D-4B00-8370-AD116D6B2C9B}.Debug|Any CPU.Build.0 = Debug|Any CPU
		{BD2B9DDD-028D-4B00-8370-AD116D6B2C9B}.Release|Any CPU.ActiveCfg = Release|Any CPU
		{BD2B9DDD-028D-4B00-8370-AD116D6B2C9B}.Release|Any CPU.Build.0 = Release|Any CPU
		{F486E712-8A65-4B0F-BBAD-A536C90EF67C}.Debug|Any CPU.ActiveCfg = Debug|Any CPU
		{F486E712-8A65-4B0F-BBAD-A536C90EF67C}.Debug|Any CPU.Build.0 = Debug|Any CPU
		{F486E712-8A65-4B0F-BBAD-A536C90EF67C}.Release|Any CPU.ActiveCfg = Release|Any CPU
		{F486E712-8A65-4B0F-BBAD-A536C90EF67C}.Release|Any CPU.Build.0 = Release|Any CPU
		{52483BB2-C337-456C-A0D5-781226D8011E}.Debug|Any CPU.ActiveCfg = Debug|Any CPU
		{52483BB2-C337-456C-A0D5-781226D8011E}.Debug|Any CPU.Build.0 = Debug|Any CPU
		{52483BB2-C337-456C-A0D5-781226D8011E}.Release|Any CPU.ActiveCfg = Release|Any CPU
		{52483BB2-C337-456C-A0D5-781226D8011E}.Release|Any CPU.Build.0 = Release|Any CPU
		{5400C9FD-701F-4F3C-8A45-B6CB5A9E3026}.Debug|Any CPU.ActiveCfg = Debug|Any CPU
		{5400C9FD-701F-4F3C-8A45-B6CB5A9E3026}.Debug|Any CPU.Build.0 = Debug|Any CPU
		{5400C9FD-701F-4F3C-8A45-B6CB5A9E3026}.Release|Any CPU.ActiveCfg = Release|Any CPU
		{5400C9FD-701F-4F3C-8A45-B6CB5A9E3026}.Release|Any CPU.Build.0 = Release|Any CPU
	EndGlobalSection
	GlobalSection(SolutionProperties) = preSolution
		HideSolutionNode = FALSE
	EndGlobalSection
	GlobalSection(NestedProjects) = preSolution
		{EDACF3B2-EECD-4ADF-9FD6-7C72696D5E29} = {D3A912F8-A3C9-4E51-BE5B-B4AAB36B0966}
		{A68CC4F3-7DAC-4A97-B072-E246A76A4D94} = {D3A912F8-A3C9-4E51-BE5B-B4AAB36B0966}
		{BD2B9DDD-028D-4B00-8370-AD116D6B2C9B} = {D3A912F8-A3C9-4E51-BE5B-B4AAB36B0966}
		{F486E712-8A65-4B0F-BBAD-A536C90EF67C} = {503EAFFA-D2A2-4AC1-A521-3F2901257A5A}
		{52483BB2-C337-456C-A0D5-781226D8011E} = {503EAFFA-D2A2-4AC1-A521-3F2901257A5A}
	EndGlobalSection
EndGlobal
